
Microsoft Visual Studio Solution File, Format Version 12.00
# Visual Studio 15
Project("{FAE04EC0-301F-11D3-BF4B-00C04F79EFBC}") = "Assembly-CSharp", "Assembly-CSharp.csproj", "{DB94B69E-0084-0042-3B87-373ABC33CBE6}"
EndProject
Project("{FAE04EC0-301F-11D3-BF4B-00C04F79EFBC}") = "GoogleMobileAds.Editor", "GoogleMobileAds.Editor.csproj", "{EA99EA62-DB80-09F4-1CDC-04438D389E53}"
EndProject
Global
	GlobalSection(SolutionConfigurationPlatforms) = preSolution
		Debug|Any CPU = Debug|Any CPU
		Release|Any CPU = Release|Any CPU
	EndGlobalSection
	GlobalSection(ProjectConfigurationPlatforms) = postSolution
		{DB94B69E-0084-0042-3B87-373ABC33CBE6}.Debug|Any CPU.ActiveCfg = Debug|Any CPU
		{DB94B69E-0084-0042-3B87-373ABC33CBE6}.Debug|Any CPU.Build.0 = Debug|Any CPU
		{DB94B69E-0084-0042-3B87-373ABC33CBE6}.Release|Any CPU.ActiveCfg = Release|Any CPU
		{DB94B69E-0084-0042-3B87-373ABC33CBE6}.Release|Any CPU.Build.0 = Release|Any CPU
		{EA99EA62-DB80-09F4-1CDC-04438D389E53}.Debug|Any CPU.ActiveCfg = Debug|Any CPU
		{EA99EA62-DB80-09F4-1CDC-04438D389E53}.Debug|Any CPU.Build.0 = Debug|Any CPU
		{EA99EA62-DB80-09F4-1CDC-04438D389E53}.Release|Any CPU.ActiveCfg = Release|Any CPU
		{EA99EA62-DB80-09F4-1CDC-04438D389E53}.Release|Any CPU.Build.0 = Release|Any CPU
	EndGlobalSection
	GlobalSection(SolutionProperties) = preSolution
		HideSolutionNode = FALSE
	EndGlobalSection
EndGlobal
